
Microsoft Visual Studio Solution File, Format Version 12.00
# Visual Studio Version 16
VisualStudioVersion = 16.0.31205.134
MinimumVisualStudioVersion = 10.0.40219.1
Project("{FAE04EC0-301F-11D3-BF4B-00C04F79EFBC}") = "StudyDesck.API", "StudyDesck.API\StudyDesck.API.csproj", "{C6C48187-0787-42C8-8B0A-1BE6D443D369}"
EndProject
Global
	GlobalSection(SolutionConfigurationPlatforms) = preSolution
		Debug|Any CPU = Debug|Any CPU
		Release|Any CPU = Release|Any CPU
	EndGlobalSection
	GlobalSection(ProjectConfigurationPlatforms) = postSolution
		{C6C48187-0787-42C8-8B0A-1BE6D443D369}.Debug|Any CPU.ActiveCfg = Debug|Any CPU
		{C6C48187-0787-42C8-8B0A-1BE6D443D369}.Debug|Any CPU.Build.0 = Debug|Any CPU
		{C6C48187-0787-42C8-8B0A-1BE6D443D369}.Release|Any CPU.ActiveCfg = Release|Any CPU
		{C6C48187-0787-42C8-8B0A-1BE6D443D369}.Release|Any CPU.Build.0 = Release|Any CPU
	EndGlobalSection
	GlobalSection(SolutionProperties) = preSolution
		HideSolutionNode = FALSE
	EndGlobalSection
	GlobalSection(ExtensibilityGlobals) = postSolution
		SolutionGuid = {B8122614-4E68-4967-992F-0907302DA606}
	EndGlobalSection
EndGlobal
